
Microsoft Visual Studio Solution File, Format Version 12.00
# Visual Studio Version 17
VisualStudioVersion = 17.4.33205.214
MinimumVisualStudioVersion = 10.0.40219.1
Project("{FAE04EC0-301F-11D3-BF4B-00C04F79EFBC}") = "AddIntAndBool", "AddIntAndBool\AddIntAndBool.csproj", "{828EA12D-EBF8-4F61-A5D0-26A6B4D442DC}"
EndProject
Global
	GlobalSection(SolutionConfigurationPlatforms) = preSolution
		Debug|Any CPU = Debug|Any CPU
		Release|Any CPU = Release|Any CPU
	EndGlobalSection
	GlobalSection(ProjectConfigurationPlatforms) = postSolution
		{828EA12D-EBF8-4F61-A5D0-26A6B4D442DC}.Debug|Any CPU.ActiveCfg = Debug|Any CPU
		{828EA12D-EBF8-4F61-A5D0-26A6B4D442DC}.Debug|Any CPU.Build.0 = Debug|Any CPU
		{828EA12D-EBF8-4F61-A5D0-26A6B4D442DC}.Release|Any CPU.ActiveCfg = Release|Any CPU
		{828EA12D-EBF8-4F61-A5D0-26A6B4D442DC}.Release|Any CPU.Build.0 = Release|Any CPU
	EndGlobalSection
	GlobalSection(SolutionProperties) = preSolution
		HideSolutionNode = FALSE
	EndGlobalSection
	GlobalSection(ExtensibilityGlobals) = postSolution
		SolutionGuid = {CAB8647A-E02C-46D0-A6CE-509EFFE5724D}
	EndGlobalSection
EndGlobal
